
Microsoft Visual Studio Solution File, Format Version 12.00
# Visual Studio Version 16
VisualStudioVersion = 16.0.30011.22
MinimumVisualStudioVersion = 10.0.40219.1
Project("{FAE04EC0-301F-11D3-BF4B-00C04F79EFBC}") = "ServerChatApp_102_M.RezaRafli", "ServerChatApp_102_M.RezaRafli\ServerChatApp_102_M.RezaRafli.csproj", "{FF513649-2328-4DA6-9B19-351334B96A55}"
EndProject
Global
	GlobalSection(SolutionConfigurationPlatforms) = preSolution
		Debug|Any CPU = Debug|Any CPU
		Release|Any CPU = Release|Any CPU
	EndGlobalSection
	GlobalSection(ProjectConfigurationPlatforms) = postSolution
		{FF513649-2328-4DA6-9B19-351334B96A55}.Debug|Any CPU.ActiveCfg = Debug|Any CPU
		{FF513649-2328-4DA6-9B19-351334B96A55}.Debug|Any CPU.Build.0 = Debug|Any CPU
		{FF513649-2328-4DA6-9B19-351334B96A55}.Release|Any CPU.ActiveCfg = Release|Any CPU
		{FF513649-2328-4DA6-9B19-351334B96A55}.Release|Any CPU.Build.0 = Release|Any CPU
	EndGlobalSection
	GlobalSection(SolutionProperties) = preSolution
		HideSolutionNode = FALSE
	EndGlobalSection
	GlobalSection(ExtensibilityGlobals) = postSolution
		SolutionGuid = {DECA1E47-509C-4989-AA3A-636A246E3B79}
	EndGlobalSection
EndGlobal
